
Microsoft Visual Studio Solution File, Format Version 12.00
# Visual Studio Version 17
VisualStudioVersion = 17.0.31912.275
MinimumVisualStudioVersion = 10.0.40219.1
Project("{FAE04EC0-301F-11D3-BF4B-00C04F79EFBC}") = "Assemblies", "Assemblies\Assemblies.csproj", "{DAEDBEE9-EAC1-4B3B-88F8-6A68D6265B46}"
EndProject
Global
	GlobalSection(SolutionConfigurationPlatforms) = preSolution
		Debug|Any CPU = Debug|Any CPU
		Release|Any CPU = Release|Any CPU
	EndGlobalSection
	GlobalSection(ProjectConfigurationPlatforms) = postSolution
		{DAEDBEE9-EAC1-4B3B-88F8-6A68D6265B46}.Debug|Any CPU.ActiveCfg = Debug|Any CPU
		{DAEDBEE9-EAC1-4B3B-88F8-6A68D6265B46}.Debug|Any CPU.Build.0 = Debug|Any CPU
		{DAEDBEE9-EAC1-4B3B-88F8-6A68D6265B46}.Release|Any CPU.ActiveCfg = Release|Any CPU
		{DAEDBEE9-EAC1-4B3B-88F8-6A68D6265B46}.Release|Any CPU.Build.0 = Release|Any CPU
	EndGlobalSection
	GlobalSection(SolutionProperties) = preSolution
		HideSolutionNode = FALSE
	EndGlobalSection
	GlobalSection(ExtensibilityGlobals) = postSolution
		SolutionGuid = {28CCB86E-6F21-4EFA-B930-EFCA84691BBC}
	EndGlobalSection
EndGlobal
