
Microsoft Visual Studio Solution File, Format Version 12.00
# Visual Studio Version 16
VisualStudioVersion = 16.0.32228.343
MinimumVisualStudioVersion = 10.0.40219.1
Project("{9A19103F-16F7-4668-BE54-9A1E7A4F7556}") = "Parte1.1", "Certificacao\Parte1.1.csproj", "{5F64EBD9-0DBC-4F45-A5FA-19C731AAFE2B}"
EndProject
Project("{2150E333-8FDC-42A3-9474-1A3956D46DE8}") = "Item01", "Item01", "{92863A23-4E40-4525-9776-E8FECA8DEFA3}"
EndProject
Project("{9A19103F-16F7-4668-BE54-9A1E7A4F7556}") = "Parte1.2", "Parte1.2\Parte1.2.csproj", "{C9013168-CD8B-49C8-A07B-329CFEF50AAA}"
EndProject
Project("{9A19103F-16F7-4668-BE54-9A1E7A4F7556}") = "Parte1.3", "Parte 1.3\Parte1.3.csproj", "{E08B505C-3DF9-4B1A-B127-2490E1A385C4}"
EndProject
Project("{2150E333-8FDC-42A3-9474-1A3956D46DE8}") = "item02", "item02", "{2866B869-999B-4D31-8DC7-FC3CD6BB780A}"
EndProject
Project("{9A19103F-16F7-4668-BE54-9A1E7A4F7556}") = "Parte 2.1", "Parte 2.1\Parte 2.1.csproj", "{99094F4C-4C32-429A-B88E-0E7BCFD96391}"
EndProject
Project("{2150E333-8FDC-42A3-9474-1A3956D46DE8}") = "item03", "item03", "{41BBE662-7189-4C6F-BDC2-646793AC86E1}"
EndProject
Project("{9A19103F-16F7-4668-BE54-9A1E7A4F7556}") = "Parte 3.1", "Parte 3.1\Parte 3.1.csproj", "{471E1ACA-E735-4203-A42C-0B7625922F5A}"
EndProject
Project("{2150E333-8FDC-42A3-9474-1A3956D46DE8}") = "item04", "item04", "{568FFF46-EB3B-4364-9CEB-F0B109B46F74}"
EndProject
Project("{9A19103F-16F7-4668-BE54-9A1E7A4F7556}") = "Parte 4.1", "Parte 4.1\Parte 4.1.csproj", "{31F65595-15FC-40DC-8027-65086A6A7A09}"
EndProject
Project("{2150E333-8FDC-42A3-9474-1A3956D46DE8}") = "item05", "item05", "{F4F9A79E-C307-478E-831D-30A9ABC5A929}"
EndProject
Project("{9A19103F-16F7-4668-BE54-9A1E7A4F7556}") = "Parte 5.1", "Parte 5.1\Parte 5.1.csproj", "{4DB7A407-66A8-4123-A25A-B7A8A02E5FC0}"
EndProject
Project("{2150E333-8FDC-42A3-9474-1A3956D46DE8}") = "item06", "item06", "{DFF80393-A81E-4BB8-A565-4451F13D35F3}"
EndProject
Project("{9A19103F-16F7-4668-BE54-9A1E7A4F7556}") = "Parte 6.1", "Parte 6.1\Parte 6.1.csproj", "{31C3C839-D7C5-4E57-9979-4D521F743226}"
EndProject
Project("{9A19103F-16F7-4668-BE54-9A1E7A4F7556}") = "Parte 6.2", "Parte 6.2\Parte 6.2.csproj", "{B569E8BE-B305-4527-B46D-EB25A9A59B10}"
EndProject
Project("{9A19103F-16F7-4668-BE54-9A1E7A4F7556}") = "Parte 6.3", "Parte 6.3\Parte 6.3.csproj", "{F1D5FB91-AD4F-46C8-84EE-983E122B345C}"
EndProject
Project("{2150E333-8FDC-42A3-9474-1A3956D46DE8}") = "item07", "item07", "{89814644-0FA8-44A9-906C-669F9EDFA42E}"
EndProject
Project("{9A19103F-16F7-4668-BE54-9A1E7A4F7556}") = "Parte 7.1", "Parte 7.1\Parte 7.1.csproj", "{E19A3C4E-2679-4513-90A0-7809FCFB26A8}"
EndProject
Project("{9A19103F-16F7-4668-BE54-9A1E7A4F7556}") = "Parte 7.2", "Parte 7.2\Parte 7.2.csproj", "{7585A5F8-AA84-41BF-8F6D-C84C3517489C}"
EndProject
Project("{9A19103F-16F7-4668-BE54-9A1E7A4F7556}") = "Parte 7.3", "Parte 7.3\Parte 7.3.csproj", "{AC72390E-942B-4049-93C1-056DE5F7ED70}"
EndProject
Project("{2150E333-8FDC-42A3-9474-1A3956D46DE8}") = "item08", "item08", "{A2073DC5-968D-42A3-8675-097C4ED0955B}"
EndProject
Project("{9A19103F-16F7-4668-BE54-9A1E7A4F7556}") = "Parte 8.1", "Parte 8.1\Parte 8.1.csproj", "{FF343E36-FC22-4B5F-8A8A-A8F76748849B}"
EndProject
Project("{2150E333-8FDC-42A3-9474-1A3956D46DE8}") = "item09", "item09", "{E90D8E59-D556-4F38-86BB-81DF0CE844BE}"
EndProject
Project("{FAE04EC0-301F-11D3-BF4B-00C04F79EFBC}") = "Parte 9.1", "Parte 9.1\Parte 9.1.csproj", "{F1F58DFD-3F32-4649-9526-EDDFF82AE731}"
EndProject
Project("{2150E333-8FDC-42A3-9474-1A3956D46DE8}") = "item10", "item10", "{1AF4C548-A06D-42AE-8B0C-816F83ABB9C8}"
EndProject
Project("{FAE04EC0-301F-11D3-BF4B-00C04F79EFBC}") = "Parte 10.1", "Parte 10.1\Parte 10.1.csproj", "{8E614BA8-9FA4-4323-88C1-E2622C710A04}"
EndProject
Project("{FAE04EC0-301F-11D3-BF4B-00C04F79EFBC}") = "Parte 10.2", "Parte 10.2\Parte 10.2.csproj", "{0BEFEC24-FDB9-4BED-9627-202E803AA4FF}"
EndProject
Project("{2150E333-8FDC-42A3-9474-1A3956D46DE8}") = "item11", "item11", "{4698372E-D271-4B70-AC8A-9F91D6A9E49A}"
EndProject
Project("{FAE04EC0-301F-11D3-BF4B-00C04F79EFBC}") = "Parte 11.1", "Parte 11.1\Parte 11.1.csproj", "{1B5F0513-2EEE-42C5-8E5F-1B36F2B4DC8C}"
EndProject
Global
	GlobalSection(SolutionConfigurationPlatforms) = preSolution
		Debug|Any CPU = Debug|Any CPU
		Release|Any CPU = Release|Any CPU
	EndGlobalSection
	GlobalSection(ProjectConfigurationPlatforms) = postSolution
		{5F64EBD9-0DBC-4F45-A5FA-19C731AAFE2B}.Debug|Any CPU.ActiveCfg = Debug|Any CPU
		{5F64EBD9-0DBC-4F45-A5FA-19C731AAFE2B}.Debug|Any CPU.Build.0 = Debug|Any CPU
		{5F64EBD9-0DBC-4F45-A5FA-19C731AAFE2B}.Release|Any CPU.ActiveCfg = Release|Any CPU
		{5F64EBD9-0DBC-4F45-A5FA-19C731AAFE2B}.Release|Any CPU.Build.0 = Release|Any CPU
		{C9013168-CD8B-49C8-A07B-329CFEF50AAA}.Debug|Any CPU.ActiveCfg = Debug|Any CPU
		{C9013168-CD8B-49C8-A07B-329CFEF50AAA}.Debug|Any CPU.Build.0 = Debug|Any CPU
		{C9013168-CD8B-49C8-A07B-329CFEF50AAA}.Release|Any CPU.ActiveCfg = Release|Any CPU
		{C9013168-CD8B-49C8-A07B-329CFEF50AAA}.Release|Any CPU.Build.0 = Release|Any CPU
		{E08B505C-3DF9-4B1A-B127-2490E1A385C4}.Debug|Any CPU.ActiveCfg = Debug|Any CPU
		{E08B505C-3DF9-4B1A-B127-2490E1A385C4}.Debug|Any CPU.Build.0 = Debug|Any CPU
		{E08B505C-3DF9-4B1A-B127-2490E1A385C4}.Release|Any CPU.ActiveCfg = Release|Any CPU
		{E08B505C-3DF9-4B1A-B127-2490E1A385C4}.Release|Any CPU.Build.0 = Release|Any CPU
		{99094F4C-4C32-429A-B88E-0E7BCFD96391}.Debug|Any CPU.ActiveCfg = Debug|Any CPU
		{99094F4C-4C32-429A-B88E-0E7BCFD96391}.Debug|Any CPU.Build.0 = Debug|Any CPU
		{99094F4C-4C32-429A-B88E-0E7BCFD96391}.Release|Any CPU.ActiveCfg = Release|Any CPU
		{99094F4C-4C32-429A-B88E-0E7BCFD96391}.Release|Any CPU.Build.0 = Release|Any CPU
		{471E1ACA-E735-4203-A42C-0B7625922F5A}.Debug|Any CPU.ActiveCfg = Debug|Any CPU
		{471E1ACA-E735-4203-A42C-0B7625922F5A}.Debug|Any CPU.Build.0 = Debug|Any CPU
		{471E1ACA-E735-4203-A42C-0B7625922F5A}.Release|Any CPU.ActiveCfg = Release|Any CPU
		{471E1ACA-E735-4203-A42C-0B7625922F5A}.Release|Any CPU.Build.0 = Release|Any CPU
		{31F65595-15FC-40DC-8027-65086A6A7A09}.Debug|Any CPU.ActiveCfg = Debug|Any CPU
		{31F65595-15FC-40DC-8027-65086A6A7A09}.Debug|Any CPU.Build.0 = Debug|Any CPU
		{31F65595-15FC-40DC-8027-65086A6A7A09}.Release|Any CPU.ActiveCfg = Release|Any CPU
		{31F65595-15FC-40DC-8027-65086A6A7A09}.Release|Any CPU.Build.0 = Release|Any CPU
		{4DB7A407-66A8-4123-A25A-B7A8A02E5FC0}.Debug|Any CPU.ActiveCfg = Debug|Any CPU
		{4DB7A407-66A8-4123-A25A-B7A8A02E5FC0}.Debug|Any CPU.Build.0 = Debug|Any CPU
		{4DB7A407-66A8-4123-A25A-B7A8A02E5FC0}.Release|Any CPU.ActiveCfg = Release|Any CPU
		{4DB7A407-66A8-4123-A25A-B7A8A02E5FC0}.Release|Any CPU.Build.0 = Release|Any CPU
		{31C3C839-D7C5-4E57-9979-4D521F743226}.Debug|Any CPU.ActiveCfg = Debug|Any CPU
		{31C3C839-D7C5-4E57-9979-4D521F743226}.Debug|Any CPU.Build.0 = Debug|Any CPU
		{31C3C839-D7C5-4E57-9979-4D521F743226}.Release|Any CPU.ActiveCfg = Release|Any CPU
		{31C3C839-D7C5-4E57-9979-4D521F743226}.Release|Any CPU.Build.0 = Release|Any CPU
		{B569E8BE-B305-4527-B46D-EB25A9A59B10}.Debug|Any CPU.ActiveCfg = Debug|Any CPU
		{B569E8BE-B305-4527-B46D-EB25A9A59B10}.Debug|Any CPU.Build.0 = Debug|Any CPU
		{B569E8BE-B305-4527-B46D-EB25A9A59B10}.Release|Any CPU.ActiveCfg = Release|Any CPU
		{B569E8BE-B305-4527-B46D-EB25A9A59B10}.Release|Any CPU.Build.0 = Release|Any CPU
		{F1D5FB91-AD4F-46C8-84EE-983E122B345C}.Debug|Any CPU.ActiveCfg = Debug|Any CPU
		{F1D5FB91-AD4F-46C8-84EE-983E122B345C}.Debug|Any CPU.Build.0 = Debug|Any CPU
		{F1D5FB91-AD4F-46C8-84EE-983E122B345C}.Release|Any CPU.ActiveCfg = Release|Any CPU
		{F1D5FB91-AD4F-46C8-84EE-983E122B345C}.Release|Any CPU.Build.0 = Release|Any CPU
		{E19A3C4E-2679-4513-90A0-7809FCFB26A8}.Debug|Any CPU.ActiveCfg = Debug|Any CPU
		{E19A3C4E-2679-4513-90A0-7809FCFB26A8}.Debug|Any CPU.Build.0 = Debug|Any CPU
		{E19A3C4E-2679-4513-90A0-7809FCFB26A8}.Release|Any CPU.ActiveCfg = Release|Any CPU
		{E19A3C4E-2679-4513-90A0-7809FCFB26A8}.Release|Any CPU.Build.0 = Release|Any CPU
		{7585A5F8-AA84-41BF-8F6D-C84C3517489C}.Debug|Any CPU.ActiveCfg = Debug|Any CPU
		{7585A5F8-AA84-41BF-8F6D-C84C3517489C}.Debug|Any CPU.Build.0 = Debug|Any CPU
		{7585A5F8-AA84-41BF-8F6D-C84C3517489C}.Release|Any CPU.ActiveCfg = Release|Any CPU
		{7585A5F8-AA84-41BF-8F6D-C84C3517489C}.Release|Any CPU.Build.0 = Release|Any CPU
		{AC72390E-942B-4049-93C1-056DE5F7ED70}.Debug|Any CPU.ActiveCfg = Debug|Any CPU
		{AC72390E-942B-4049-93C1-056DE5F7ED70}.Debug|Any CPU.Build.0 = Debug|Any CPU
		{AC72390E-942B-4049-93C1-056DE5F7ED70}.Release|Any CPU.ActiveCfg = Release|Any CPU
		{AC72390E-942B-4049-93C1-056DE5F7ED70}.Release|Any CPU.Build.0 = Release|Any CPU
		{FF343E36-FC22-4B5F-8A8A-A8F76748849B}.Debug|Any CPU.ActiveCfg = Debug|Any CPU
		{FF343E36-FC22-4B5F-8A8A-A8F76748849B}.Debug|Any CPU.Build.0 = Debug|Any CPU
		{FF343E36-FC22-4B5F-8A8A-A8F76748849B}.Release|Any CPU.ActiveCfg = Release|Any CPU
		{FF343E36-FC22-4B5F-8A8A-A8F76748849B}.Release|Any CPU.Build.0 = Release|Any CPU
		{F1F58DFD-3F32-4649-9526-EDDFF82AE731}.Debug|Any CPU.ActiveCfg = Debug|Any CPU
		{F1F58DFD-3F32-4649-9526-EDDFF82AE731}.Debug|Any CPU.Build.0 = Debug|Any CPU
		{F1F58DFD-3F32-4649-9526-EDDFF82AE731}.Release|Any CPU.ActiveCfg = Release|Any CPU
		{F1F58DFD-3F32-4649-9526-EDDFF82AE731}.Release|Any CPU.Build.0 = Release|Any CPU
		{8E614BA8-9FA4-4323-88C1-E2622C710A04}.Debug|Any CPU.ActiveCfg = Debug|Any CPU
		{8E614BA8-9FA4-4323-88C1-E2622C710A04}.Debug|Any CPU.Build.0 = Debug|Any CPU
		{8E614BA8-9FA4-4323-88C1-E2622C710A04}.Release|Any CPU.ActiveCfg = Release|Any CPU
		{8E614BA8-9FA4-4323-88C1-E2622C710A04}.Release|Any CPU.Build.0 = Release|Any CPU
		{0BEFEC24-FDB9-4BED-9627-202E803AA4FF}.Debug|Any CPU.ActiveCfg = Debug|Any CPU
		{0BEFEC24-FDB9-4BED-9627-202E803AA4FF}.Debug|Any CPU.Build.0 = Debug|Any CPU
		{0BEFEC24-FDB9-4BED-9627-202E803AA4FF}.Release|Any CPU.ActiveCfg = Release|Any CPU
		{0BEFEC24-FDB9-4BED-9627-202E803AA4FF}.Release|Any CPU.Build.0 = Release|Any CPU
		{1B5F0513-2EEE-42C5-8E5F-1B36F2B4DC8C}.Debug|Any CPU.ActiveCfg = Debug|Any CPU
		{1B5F0513-2EEE-42C5-8E5F-1B36F2B4DC8C}.Debug|Any CPU.Build.0 = Debug|Any CPU
		{1B5F0513-2EEE-42C5-8E5F-1B36F2B4DC8C}.Release|Any CPU.ActiveCfg = Release|Any CPU
		{1B5F0513-2EEE-42C5-8E5F-1B36F2B4DC8C}.Release|Any CPU.Build.0 = Release|Any CPU
	EndGlobalSection
	GlobalSection(SolutionProperties) = preSolution
		HideSolutionNode = FALSE
	EndGlobalSection
	GlobalSection(NestedProjects) = preSolution
		{5F64EBD9-0DBC-4F45-A5FA-19C731AAFE2B} = {92863A23-4E40-4525-9776-E8FECA8DEFA3}
		{C9013168-CD8B-49C8-A07B-329CFEF50AAA} = {92863A23-4E40-4525-9776-E8FECA8DEFA3}
		{E08B505C-3DF9-4B1A-B127-2490E1A385C4} = {92863A23-4E40-4525-9776-E8FECA8DEFA3}
		{99094F4C-4C32-429A-B88E-0E7BCFD96391} = {2866B869-999B-4D31-8DC7-FC3CD6BB780A}
		{471E1ACA-E735-4203-A42C-0B7625922F5A} = {41BBE662-7189-4C6F-BDC2-646793AC86E1}
		{31F65595-15FC-40DC-8027-65086A6A7A09} = {568FFF46-EB3B-4364-9CEB-F0B109B46F74}
		{4DB7A407-66A8-4123-A25A-B7A8A02E5FC0} = {F4F9A79E-C307-478E-831D-30A9ABC5A929}
		{31C3C839-D7C5-4E57-9979-4D521F743226} = {DFF80393-A81E-4BB8-A565-4451F13D35F3}
		{B569E8BE-B305-4527-B46D-EB25A9A59B10} = {DFF80393-A81E-4BB8-A565-4451F13D35F3}
		{F1D5FB91-AD4F-46C8-84EE-983E122B345C} = {DFF80393-A81E-4BB8-A565-4451F13D35F3}
		{E19A3C4E-2679-4513-90A0-7809FCFB26A8} = {89814644-0FA8-44A9-906C-669F9EDFA42E}
		{7585A5F8-AA84-41BF-8F6D-C84C3517489C} = {89814644-0FA8-44A9-906C-669F9EDFA42E}
		{AC72390E-942B-4049-93C1-056DE5F7ED70} = {89814644-0FA8-44A9-906C-669F9EDFA42E}
		{FF343E36-FC22-4B5F-8A8A-A8F76748849B} = {A2073DC5-968D-42A3-8675-097C4ED0955B}
		{F1F58DFD-3F32-4649-9526-EDDFF82AE731} = {E90D8E59-D556-4F38-86BB-81DF0CE844BE}
		{8E614BA8-9FA4-4323-88C1-E2622C710A04} = {1AF4C548-A06D-42AE-8B0C-816F83ABB9C8}
		{0BEFEC24-FDB9-4BED-9627-202E803AA4FF} = {1AF4C548-A06D-42AE-8B0C-816F83ABB9C8}
		{1B5F0513-2EEE-42C5-8E5F-1B36F2B4DC8C} = {4698372E-D271-4B70-AC8A-9F91D6A9E49A}
	EndGlobalSection
	GlobalSection(ExtensibilityGlobals) = postSolution
		SolutionGuid = {59D13F6A-C0CA-448E-9DDE-F63D72E82369}
	EndGlobalSection
EndGlobal
