
Microsoft Visual Studio Solution File, Format Version 12.00
# Visual Studio Version 17
VisualStudioVersion = 17.0.31912.275
MinimumVisualStudioVersion = 10.0.40219.1
Project("{FAE04EC0-301F-11D3-BF4B-00C04F79EFBC}") = "01-ByteBank", "01-ByteBank\01-ByteBank.csproj", "{75C7C4CD-6F08-4290-B713-6B0755855D5B}"
EndProject
Project("{FAE04EC0-301F-11D3-BF4B-00C04F79EFBC}") = "02-ByteBank", "02-ByteBank\02-ByteBank.csproj", "{6F14AE59-0089-453E-BA45-90096A8080B4}"
EndProject
Global
	GlobalSection(SolutionConfigurationPlatforms) = preSolution
		Debug|Any CPU = Debug|Any CPU
		Release|Any CPU = Release|Any CPU
	EndGlobalSection
	GlobalSection(ProjectConfigurationPlatforms) = postSolution
		{75C7C4CD-6F08-4290-B713-6B0755855D5B}.Debug|Any CPU.ActiveCfg = Debug|Any CPU
		{75C7C4CD-6F08-4290-B713-6B0755855D5B}.Debug|Any CPU.Build.0 = Debug|Any CPU
		{75C7C4CD-6F08-4290-B713-6B0755855D5B}.Release|Any CPU.ActiveCfg = Release|Any CPU
		{75C7C4CD-6F08-4290-B713-6B0755855D5B}.Release|Any CPU.Build.0 = Release|Any CPU
		{6F14AE59-0089-453E-BA45-90096A8080B4}.Debug|Any CPU.ActiveCfg = Debug|Any CPU
		{6F14AE59-0089-453E-BA45-90096A8080B4}.Debug|Any CPU.Build.0 = Debug|Any CPU
		{6F14AE59-0089-453E-BA45-90096A8080B4}.Release|Any CPU.ActiveCfg = Release|Any CPU
		{6F14AE59-0089-453E-BA45-90096A8080B4}.Release|Any CPU.Build.0 = Release|Any CPU
	EndGlobalSection
	GlobalSection(SolutionProperties) = preSolution
		HideSolutionNode = FALSE
	EndGlobalSection
	GlobalSection(ExtensibilityGlobals) = postSolution
		SolutionGuid = {0BA17365-0BB5-4079-A49D-7DE128541E04}
	EndGlobalSection
EndGlobal
