
Microsoft Visual Studio Solution File, Format Version 12.00
# Visual Studio Version 16
VisualStudioVersion = 16.0.32228.343
MinimumVisualStudioVersion = 10.0.40219.1
Project("{FAE04EC0-301F-11D3-BF4B-00C04F79EFBC}") = "ConsoleAplicacao", "ConsoleAplicacao\ConsoleAplicacao.csproj", "{56C5E6B9-A024-466B-8B01-B3E3342AA9A8}"
EndProject
Global
	GlobalSection(SolutionConfigurationPlatforms) = preSolution
		Debug|Any CPU = Debug|Any CPU
		Release|Any CPU = Release|Any CPU
	EndGlobalSection
	GlobalSection(ProjectConfigurationPlatforms) = postSolution
		{56C5E6B9-A024-466B-8B01-B3E3342AA9A8}.Debug|Any CPU.ActiveCfg = Debug|Any CPU
		{56C5E6B9-A024-466B-8B01-B3E3342AA9A8}.Debug|Any CPU.Build.0 = Debug|Any CPU
		{56C5E6B9-A024-466B-8B01-B3E3342AA9A8}.Release|Any CPU.ActiveCfg = Release|Any CPU
		{56C5E6B9-A024-466B-8B01-B3E3342AA9A8}.Release|Any CPU.Build.0 = Release|Any CPU
	EndGlobalSection
	GlobalSection(SolutionProperties) = preSolution
		HideSolutionNode = FALSE
	EndGlobalSection
	GlobalSection(ExtensibilityGlobals) = postSolution
		SolutionGuid = {68925104-686F-478D-B4BF-4F23F99809A3}
	EndGlobalSection
EndGlobal
