
Microsoft Visual Studio Solution File, Format Version 12.00
# Visual Studio Version 17
VisualStudioVersion = 17.0.31912.275
MinimumVisualStudioVersion = 10.0.40219.1
Project("{FAE04EC0-301F-11D3-BF4B-00C04F79EFBC}") = "Parte_8_List_lambda_linq", "Parte_8_List_lambda_linq\Parte_8_List_lambda_linq.csproj", "{6C0A9E49-DE14-49CD-B9DC-377F1C82CCD4}"
EndProject
Global
	GlobalSection(SolutionConfigurationPlatforms) = preSolution
		Debug|Any CPU = Debug|Any CPU
		Release|Any CPU = Release|Any CPU
	EndGlobalSection
	GlobalSection(ProjectConfigurationPlatforms) = postSolution
		{6C0A9E49-DE14-49CD-B9DC-377F1C82CCD4}.Debug|Any CPU.ActiveCfg = Debug|Any CPU
		{6C0A9E49-DE14-49CD-B9DC-377F1C82CCD4}.Debug|Any CPU.Build.0 = Debug|Any CPU
		{6C0A9E49-DE14-49CD-B9DC-377F1C82CCD4}.Release|Any CPU.ActiveCfg = Release|Any CPU
		{6C0A9E49-DE14-49CD-B9DC-377F1C82CCD4}.Release|Any CPU.Build.0 = Release|Any CPU
	EndGlobalSection
	GlobalSection(SolutionProperties) = preSolution
		HideSolutionNode = FALSE
	EndGlobalSection
	GlobalSection(ExtensibilityGlobals) = postSolution
		SolutionGuid = {408999F5-C087-49B4-A161-EF321D05D4E2}
	EndGlobalSection
EndGlobal
